{
  "name": "webserver",
  "lockfileVersion": 2,
  "requires": true,
  "packages": {
    "": {
      "dependencies": {
        "create-vite": "^5.2.2"
      }
    },
    "node_modules/create-vite": {
      "version": "5.2.2",
      "resolved": "https://registry.npmjs.org/create-vite/-/create-vite-5.2.2.tgz",
      "integrity": "sha512-xywU1m7GyRt4PYvM3zzhCdNyM/iEsojtli1DdI56uTaQo5GZf5xPD+U7j9C2z/bgpPtrZJLRUAi2S1eAs31ELA==",
      "bin": {
        "create-vite": "index.js",
        "cva": "index.js"
      },
      "engines": {
        "node": "^18.0.0 || >=20.0.0"
      },
      "funding": {
        "url": "https://github.com/vitejs/vite?sponsor=1"
      }
    }
  },
  "dependencies": {
    "create-vite": {
      "version": "5.2.2",
      "resolved": "https://registry.npmjs.org/create-vite/-/create-vite-5.2.2.tgz",
      "integrity": "sha512-xywU1m7GyRt4PYvM3zzhCdNyM/iEsojtli1DdI56uTaQo5GZf5xPD+U7j9C2z/bgpPtrZJLRUAi2S1eAs31ELA=="
    }
  }
}
